// !$*UTF8*$!
{
	archiveVersion = 1;
	classes = {
	};
	objectVersion = 46;
	objects = {

/* Begin PBXBuildFile section */
		048048C31B81796600A83964 /* main.m in Sources */ = {isa = PBXBuildFile; fileRef = 048048C21B81796600A83964 /* main.m */; };
		048048C61B81796600A83964 /* AppDelegate.mm in Sources */ = {isa = PBXBuildFile; fileRef = 048048C51B81796600A83964 /* AppDelegate.mm */; };
		048048C91B81796600A83964 /* ViewController.m in Sources */ = {isa = PBXBuildFile; fileRef = 048048C81B81796600A83964 /* ViewController.m */; };
		048048CC1B81796600A83964 /* Main.storyboard in Resources */ = {isa = PBXBuildFile; fileRef = 048048CA1B81796600A83964 /* Main.storyboard */; };
		048048CE1B81796600A83964 /* Images.xcassets in Resources */ = {isa = PBXBuildFile; fileRef = 048048CD1B81796600A83964 /* Images.xcassets */; };
		048048D11B81796600A83964 /* LaunchScreen.xib in Resources */ = {isa = PBXBuildFile; fileRef = 048048CF1B81796600A83964 /* LaunchScreen.xib */; };
		048048DD1B81796600A83964 /* SqliteEncryptionTests.m in Sources */ = {isa = PBXBuildFile; fileRef = 048048DC1B81796600A83964 /* SqliteEncryptionTests.m */; };
		048048F21B8179C100A83964 /* FMDatabase.m in Sources */ = {isa = PBXBuildFile; fileRef = 048048E81B8179C100A83964 /* FMDatabase.m */; };
		048048F31B8179C100A83964 /* FMDatabaseAdditions.m in Sources */ = {isa = PBXBuildFile; fileRef = 048048EA1B8179C100A83964 /* FMDatabaseAdditions.m */; };
		048048F41B8179C100A83964 /* FMDatabasePool.m in Sources */ = {isa = PBXBuildFile; fileRef = 048048EC1B8179C100A83964 /* FMDatabasePool.m */; };
		048048F51B8179C100A83964 /* FMDatabaseQueue.m in Sources */ = {isa = PBXBuildFile; fileRef = 048048EE1B8179C100A83964 /* FMDatabaseQueue.m */; };
		048048F61B8179C100A83964 /* FMResultSet.m in Sources */ = {isa = PBXBuildFile; fileRef = 048048F11B8179C100A83964 /* FMResultSet.m */; };
		048048F91B817C3100A83964 /* sqlite3.c in Sources */ = {isa = PBXBuildFile; fileRef = 048048F71B817C3100A83964 /* sqlite3.c */; };
		048048FB1B817FA800A83964 /* Security.framework in Frameworks */ = {isa = PBXBuildFile; fileRef = 048048FA1B817FA800A83964 /* Security.framework */; };
/* End PBXBuildFile section */

/* Begin PBXContainerItemProxy section */
		048048D71B81796600A83964 /* PBXContainerItemProxy */ = {
			isa = PBXContainerItemProxy;
			containerPortal = 048048B51B81796600A83964 /* Project object */;
			proxyType = 1;
			remoteGlobalIDString = 048048BC1B81796600A83964;
			remoteInfo = SqliteEncryption;
		};
/* End PBXContainerItemProxy section */

/* Begin PBXFileReference section */
		048048BD1B81796600A83964 /* SqliteEncryption.app */ = {isa = PBXFileReference; explicitFileType = wrapper.application; includeInIndex = 0; path = SqliteEncryption.app; sourceTree = BUILT_PRODUCTS_DIR; };
		048048C11B81796600A83964 /* Info.plist */ = {isa = PBXFileReference; lastKnownFileType = text.plist.xml; path = Info.plist; sourceTree = "<group>"; };
		048048C21B81796600A83964 /* main.m */ = {isa = PBXFileReference; lastKnownFileType = sourcecode.c.objc; path = main.m; sourceTree = "<group>"; };
		048048C41B81796600A83964 /* AppDelegate.h */ = {isa = PBXFileReference; lastKnownFileType = sourcecode.c.h; path = AppDelegate.h; sourceTree = "<group>"; };
		048048C51B81796600A83964 /* AppDelegate.mm */ = {isa = PBXFileReference; lastKnownFileType = sourcecode.cpp.objcpp; path = AppDelegate.mm; sourceTree = "<group>"; };
		048048C71B81796600A83964 /* ViewController.h */ = {isa = PBXFileReference; lastKnownFileType = sourcecode.c.h; path = ViewController.h; sourceTree = "<group>"; };
		048048C81B81796600A83964 /* ViewController.m */ = {isa = PBXFileReference; lastKnownFileType = sourcecode.c.objc; path = ViewController.m; sourceTree = "<group>"; };
		048048CB1B81796600A83964 /* Base */ = {isa = PBXFileReference; lastKnownFileType = file.storyboard; name = Base; path = Base.lproj/Main.storyboard; sourceTree = "<group>"; };
		048048CD1B81796600A83964 /* Images.xcassets */ = {isa = PBXFileReference; lastKnownFileType = folder.assetcatalog; path = Images.xcassets; sourceTree = "<group>"; };
		048048D01B81796600A83964 /* Base */ = {isa = PBXFileReference; lastKnownFileType = file.xib; name = Base; path = Base.lproj/LaunchScreen.xib; sourceTree = "<group>"; };
		048048D61B81796600A83964 /* SqliteEncryptionTests.xctest */ = {isa = PBXFileReference; explicitFileType = wrapper.cfbundle; includeInIndex = 0; path = SqliteEncryptionTests.xctest; sourceTree = BUILT_PRODUCTS_DIR; };
		048048DB1B81796600A83964 /* Info.plist */ = {isa = PBXFileReference; lastKnownFileType = text.plist.xml; path = Info.plist; sourceTree = "<group>"; };
		048048DC1B81796600A83964 /* SqliteEncryptionTests.m */ = {isa = PBXFileReference; lastKnownFileType = sourcecode.c.objc; path = SqliteEncryptionTests.m; sourceTree = "<group>"; };
		048048E71B8179C100A83964 /* FMDatabase.h */ = {isa = PBXFileReference; fileEncoding = 4; lastKnownFileType = sourcecode.c.h; path = FMDatabase.h; sourceTree = "<group>"; };
		048048E81B8179C100A83964 /* FMDatabase.m */ = {isa = PBXFileReference; fileEncoding = 4; lastKnownFileType = sourcecode.c.objc; path = FMDatabase.m; sourceTree = "<group>"; };
		048048E91B8179C100A83964 /* FMDatabaseAdditions.h */ = {isa = PBXFileReference; fileEncoding = 4; lastKnownFileType = sourcecode.c.h; path = FMDatabaseAdditions.h; sourceTree = "<group>"; };
		048048EA1B8179C100A83964 /* FMDatabaseAdditions.m */ = {isa = PBXFileReference; fileEncoding = 4; lastKnownFileType = sourcecode.c.objc; path = FMDatabaseAdditions.m; sourceTree = "<group>"; };
		048048EB1B8179C100A83964 /* FMDatabasePool.h */ = {isa = PBXFileReference; fileEncoding = 4; lastKnownFileType = sourcecode.c.h; path = FMDatabasePool.h; sourceTree = "<group>"; };
		048048EC1B8179C100A83964 /* FMDatabasePool.m */ = {isa = PBXFileReference; fileEncoding = 4; lastKnownFileType = sourcecode.c.objc; path = FMDatabasePool.m; sourceTree = "<group>"; };
		048048ED1B8179C100A83964 /* FMDatabaseQueue.h */ = {isa = PBXFileReference; fileEncoding = 4; lastKnownFileType = sourcecode.c.h; path = FMDatabaseQueue.h; sourceTree = "<group>"; };
		048048EE1B8179C100A83964 /* FMDatabaseQueue.m */ = {isa = PBXFileReference; fileEncoding = 4; lastKnownFileType = sourcecode.c.objc; path = FMDatabaseQueue.m; sourceTree = "<group>"; };
		048048EF1B8179C100A83964 /* FMDB.h */ = {isa = PBXFileReference; fileEncoding = 4; lastKnownFileType = sourcecode.c.h; path = FMDB.h; sourceTree = "<group>"; };
		048048F01B8179C100A83964 /* FMResultSet.h */ = {isa = PBXFileReference; fileEncoding = 4; lastKnownFileType = sourcecode.c.h; path = FMResultSet.h; sourceTree = "<group>"; };
		048048F11B8179C100A83964 /* FMResultSet.m */ = {isa = PBXFileReference; fileEncoding = 4; lastKnownFileType = sourcecode.c.objc; path = FMResultSet.m; sourceTree = "<group>"; };
		048048F71B817C3100A83964 /* sqlite3.c */ = {isa = PBXFileReference; fileEncoding = 4; lastKnownFileType = sourcecode.c.c; path = sqlite3.c; sourceTree = "<group>"; };
		048048F81B817C3100A83964 /* sqlite3.h */ = {isa = PBXFileReference; fileEncoding = 4; lastKnownFileType = sourcecode.c.h; path = sqlite3.h; sourceTree = "<group>"; };
		048048FA1B817FA800A83964 /* Security.framework */ = {isa = PBXFileReference; lastKnownFileType = wrapper.framework; name = Security.framework; path = System/Library/Frameworks/Security.framework; sourceTree = SDKROOT; };
/* End PBXFileReference section */

/* Begin PBXFrameworksBuildPhase section */
		048048BA1B81796600A83964 /* Frameworks */ = {
			isa = PBXFrameworksBuildPhase;
			buildActionMask = 2147483647;
			files = (
				048048FB1B817FA800A83964 /* Security.framework in Frameworks */,
			);
			runOnlyForDeploymentPostprocessing = 0;
		};
		048048D31B81796600A83964 /* Frameworks */ = {
			isa = PBXFrameworksBuildPhase;
			buildActionMask = 2147483647;
			files = (
			);
			runOnlyForDeploymentPostprocessing = 0;
		};
/* End PBXFrameworksBuildPhase section */

/* Begin PBXGroup section */
		048048B41B81796600A83964 = {
			isa = PBXGroup;
			children = (
				048048FA1B817FA800A83964 /* Security.framework */,
				048048BF1B81796600A83964 /* SqliteEncryption */,
				048048D91B81796600A83964 /* SqliteEncryptionTests */,
				048048BE1B81796600A83964 /* Products */,
			);
			sourceTree = "<group>";
		};
		048048BE1B81796600A83964 /* Products */ = {
			isa = PBXGroup;
			children = (
				048048BD1B81796600A83964 /* SqliteEncryption.app */,
				048048D61B81796600A83964 /* SqliteEncryptionTests.xctest */,
			);
			name = Products;
			sourceTree = "<group>";
		};
		048048BF1B81796600A83964 /* SqliteEncryption */ = {
			isa = PBXGroup;
			children = (
				048048E61B8179C100A83964 /* fmdb */,
				048048C41B81796600A83964 /* AppDelegate.h */,
				048048C51B81796600A83964 /* AppDelegate.mm */,
				048048C71B81796600A83964 /* ViewController.h */,
				048048C81B81796600A83964 /* ViewController.m */,
				048048CA1B81796600A83964 /* Main.storyboard */,
				048048CD1B81796600A83964 /* Images.xcassets */,
				048048CF1B81796600A83964 /* LaunchScreen.xib */,
				048048C01B81796600A83964 /* Supporting Files */,
			);
			path = SqliteEncryption;
			sourceTree = "<group>";
		};
		048048C01B81796600A83964 /* Supporting Files */ = {
			isa = PBXGroup;
			children = (
				048048C11B81796600A83964 /* Info.plist */,
				048048C21B81796600A83964 /* main.m */,
			);
			name = "Supporting Files";
			sourceTree = "<group>";
		};
		048048D91B81796600A83964 /* SqliteEncryptionTests */ = {
			isa = PBXGroup;
			children = (
				048048DC1B81796600A83964 /* SqliteEncryptionTests.m */,
				048048DA1B81796600A83964 /* Supporting Files */,
			);
			path = SqliteEncryptionTests;
			sourceTree = "<group>";
		};
		048048DA1B81796600A83964 /* Supporting Files */ = {
			isa = PBXGroup;
			children = (
				048048DB1B81796600A83964 /* Info.plist */,
			);
			name = "Supporting Files";
			sourceTree = "<group>";
		};
		048048E61B8179C100A83964 /* fmdb */ = {
			isa = PBXGroup;
			children = (
				048048F71B817C3100A83964 /* sqlite3.c */,
				048048F81B817C3100A83964 /* sqlite3.h */,
				048048E71B8179C100A83964 /* FMDatabase.h */,
				048048E81B8179C100A83964 /* FMDatabase.m */,
				048048E91B8179C100A83964 /* FMDatabaseAdditions.h */,
				048048EA1B8179C100A83964 /* FMDatabaseAdditions.m */,
				048048EB1B8179C100A83964 /* FMDatabasePool.h */,
				048048EC1B8179C100A83964 /* FMDatabasePool.m */,
				048048ED1B8179C100A83964 /* FMDatabaseQueue.h */,
				048048EE1B8179C100A83964 /* FMDatabaseQueue.m */,
				048048EF1B8179C100A83964 /* FMDB.h */,
				048048F01B8179C100A83964 /* FMResultSet.h */,
				048048F11B8179C100A83964 /* FMResultSet.m */,
			);
			path = fmdb;
			sourceTree = "<group>";
		};
/* End PBXGroup section */

/* Begin PBXNativeTarget section */
		048048BC1B81796600A83964 /* SqliteEncryption */ = {
			isa = PBXNativeTarget;
			buildConfigurationList = 048048E01B81796600A83964 /* Build configuration list for PBXNativeTarget "SqliteEncryption" */;
			buildPhases = (
				048048B91B81796600A83964 /* Sources */,
				048048BA1B81796600A83964 /* Frameworks */,
				048048BB1B81796600A83964 /* Resources */,
			);
			buildRules = (
			);
			dependencies = (
			);
			name = SqliteEncryption;
			productName = SqliteEncryption;
			productReference = 048048BD1B81796600A83964 /* SqliteEncryption.app */;
			productType = "com.apple.product-type.application";
		};
		048048D51B81796600A83964 /* SqliteEncryptionTests */ = {
			isa = PBXNativeTarget;
			buildConfigurationList = 048048E31B81796600A83964 /* Build configuration list for PBXNativeTarget "SqliteEncryptionTests" */;
			buildPhases = (
				048048D21B81796600A83964 /* Sources */,
				048048D31B81796600A83964 /* Frameworks */,
				048048D41B81796600A83964 /* Resources */,
			);
			buildRules = (
			);
			dependencies = (
				048048D81B81796600A83964 /* PBXTargetDependency */,
			);
			name = SqliteEncryptionTests;
			productName = SqliteEncryptionTests;
			productReference = 048048D61B81796600A83964 /* SqliteEncryptionTests.xctest */;
			productType = "com.apple.product-type.bundle.unit-test";
		};
/* End PBXNativeTarget section */

/* Begin PBXProject section */
		048048B51B81796600A83964 /* Project object */ = {
			isa = PBXProject;
			attributes = {
				LastUpgradeCheck = 0640;
				ORGANIZATIONNAME = mac;
				TargetAttributes = {
					048048BC1B81796600A83964 = {
						CreatedOnToolsVersion = 6.4;
					};
					048048D51B81796600A83964 = {
						CreatedOnToolsVersion = 6.4;
						TestTargetID = 048048BC1B81796600A83964;
					};
				};
			};
			buildConfigurationList = 048048B81B81796600A83964 /* Build configuration list for PBXProject "SqliteEncryption" */;
			compatibilityVersion = "Xcode 3.2";
			developmentRegion = English;
			hasScannedForEncodings = 0;
			knownRegions = (
				en,
				Base,
			);
			mainGroup = 048048B41B81796600A83964;
			productRefGroup = 048048BE1B81796600A83964 /* Products */;
			projectDirPath = "";
			projectRoot = "";
			targets = (
				048048BC1B81796600A83964 /* SqliteEncryption */,
				048048D51B81796600A83964 /* SqliteEncryptionTests */,
			);
		};
/* End PBXProject section */

/* Begin PBXResourcesBuildPhase section */
		048048BB1B81796600A83964 /* Resources */ = {
			isa = PBXResourcesBuildPhase;
			buildActionMask = 2147483647;
			files = (
				048048CC1B81796600A83964 /* Main.storyboard in Resources */,
				048048D11B81796600A83964 /* LaunchScreen.xib in Resources */,
				048048CE1B81796600A83964 /* Images.xcassets in Resources */,
			);
			runOnlyForDeploymentPostprocessing = 0;
		};
		048048D41B81796600A83964 /* Resources */ = {
			isa = PBXResourcesBuildPhase;
			buildActionMask = 2147483647;
			files = (
			);
			runOnlyForDeploymentPostprocessing = 0;
		};
/* End PBXResourcesBuildPhase section */

/* Begin PBXSourcesBuildPhase section */
		048048B91B81796600A83964 /* Sources */ = {
			isa = PBXSourcesBuildPhase;
			buildActionMask = 2147483647;
			files = (
				048048C91B81796600A83964 /* ViewController.m in Sources */,
				048048F91B817C3100A83964 /* sqlite3.c in Sources */,
				048048F41B8179C100A83964 /* FMDatabasePool.m in Sources */,
				048048C61B81796600A83964 /* AppDelegate.mm in Sources */,
				048048F51B8179C100A83964 /* FMDatabaseQueue.m in Sources */,
				048048C31B81796600A83964 /* main.m in Sources */,
				048048F21B8179C100A83964 /* FMDatabase.m in Sources */,
				048048F61B8179C100A83964 /* FMResultSet.m in Sources */,
				048048F31B8179C100A83964 /* FMDatabaseAdditions.m in Sources */,
			);
			runOnlyForDeploymentPostprocessing = 0;
		};
		048048D21B81796600A83964 /* Sources */ = {
			isa = PBXSourcesBuildPhase;
			buildActionMask = 2147483647;
			files = (
				048048DD1B81796600A83964 /* SqliteEncryptionTests.m in Sources */,
			);
			runOnlyForDeploymentPostprocessing = 0;
		};
/* End PBXSourcesBuildPhase section */

/* Begin PBXTargetDependency section */
		048048D81B81796600A83964 /* PBXTargetDependency */ = {
			isa = PBXTargetDependency;
			target = 048048BC1B81796600A83964 /* SqliteEncryption */;
			targetProxy = 048048D71B81796600A83964 /* PBXContainerItemProxy */;
		};
/* End PBXTargetDependency section */

/* Begin PBXVariantGroup section */
		048048CA1B81796600A83964 /* Main.storyboard */ = {
			isa = PBXVariantGroup;
			children = (
				048048CB1B81796600A83964 /* Base */,
			);
			name = Main.storyboard;
			sourceTree = "<group>";
		};
		048048CF1B81796600A83964 /* LaunchScreen.xib */ = {
			isa = PBXVariantGroup;
			children = (
				048048D01B81796600A83964 /* Base */,
			);
			name = LaunchScreen.xib;
			sourceTree = "<group>";
		};
/* End PBXVariantGroup section */

/* Begin XCBuildConfiguration section */
		048048DE1B81796600A83964 /* Debug */ = {
			isa = XCBuildConfiguration;
			buildSettings = {
				ALWAYS_SEARCH_USER_PATHS = NO;
				CLANG_CXX_LANGUAGE_STANDARD = "gnu++0x";
				CLANG_CXX_LIBRARY = "libc++";
				CLANG_ENABLE_MODULES = YES;
				CLANG_ENABLE_OBJC_ARC = YES;
				CLANG_WARN_BOOL_CONVERSION = YES;
				CLANG_WARN_CONSTANT_CONVERSION = YES;
				CLANG_WARN_DIRECT_OBJC_ISA_USAGE = YES_ERROR;
				CLANG_WARN_EMPTY_BODY = YES;
				CLANG_WARN_ENUM_CONVERSION = YES;
				CLANG_WARN_INT_CONVERSION = YES;
				CLANG_WARN_OBJC_ROOT_CLASS = YES_ERROR;
				CLANG_WARN_UNREACHABLE_CODE = YES;
				CLANG_WARN__DUPLICATE_METHOD_MATCH = YES;
				"CODE_SIGN_IDENTITY[sdk=iphoneos*]" = "iPhone Developer";
				COPY_PHASE_STRIP = NO;
				DEBUG_INFORMATION_FORMAT = "dwarf-with-dsym";
				ENABLE_STRICT_OBJC_MSGSEND = YES;
				GCC_C_LANGUAGE_STANDARD = gnu99;
				GCC_DYNAMIC_NO_PIC = NO;
				GCC_NO_COMMON_BLOCKS = YES;
				GCC_OPTIMIZATION_LEVEL = 0;
				GCC_PREPROCESSOR_DEFINITIONS = (
					"DEBUG=1",
					"$(inherited)",
				);
				GCC_SYMBOLS_PRIVATE_EXTERN = NO;
				GCC_WARN_64_TO_32_BIT_CONVERSION = YES;
				GCC_WARN_ABOUT_RETURN_TYPE = YES_ERROR;
				GCC_WARN_UNDECLARED_SELECTOR = YES;
				GCC_WARN_UNINITIALIZED_AUTOS = YES_AGGRESSIVE;
				GCC_WARN_UNUSED_FUNCTION = YES;
				GCC_WARN_UNUSED_VARIABLE = YES;
				IPHONEOS_DEPLOYMENT_TARGET = 8.4;
				MTL_ENABLE_DEBUG_INFO = YES;
				ONLY_ACTIVE_ARCH = YES;
				SDKROOT = iphoneos;
			};
			name = Debug;
		};
		048048DF1B81796600A83964 /* Release */ = {
			isa = XCBuildConfiguration;
			buildSettings = {
				ALWAYS_SEARCH_USER_PATHS = NO;
				CLANG_CXX_LANGUAGE_STANDARD = "gnu++0x";
				CLANG_CXX_LIBRARY = "libc++";
				CLANG_ENABLE_MODULES = YES;
				CLANG_ENABLE_OBJC_ARC = YES;
				CLANG_WARN_BOOL_CONVERSION = YES;
				CLANG_WARN_CONSTANT_CONVERSION = YES;
				CLANG_WARN_DIRECT_OBJC_ISA_USAGE = YES_ERROR;
				CLANG_WARN_EMPTY_BODY = YES;
				CLANG_WARN_ENUM_CONVERSION = YES;
				CLANG_WARN_INT_CONVERSION = YES;
				CLANG_WARN_OBJC_ROOT_CLASS = YES_ERROR;
				CLANG_WARN_UNREACHABLE_CODE = YES;
				CLANG_WARN__DUPLICATE_METHOD_MATCH = YES;
				"CODE_SIGN_IDENTITY[sdk=iphoneos*]" = "iPhone Developer";
				COPY_PHASE_STRIP = NO;
				DEBUG_INFORMATION_FORMAT = "dwarf-with-dsym";
				ENABLE_NS_ASSERTIONS = NO;
				ENABLE_STRICT_OBJC_MSGSEND = YES;
				GCC_C_LANGUAGE_STANDARD = gnu99;
				GCC_NO_COMMON_BLOCKS = YES;
				GCC_WARN_64_TO_32_BIT_CONVERSION = YES;
				GCC_WARN_ABOUT_RETURN_TYPE = YES_ERROR;
				GCC_WARN_UNDECLARED_SELECTOR = YES;
				GCC_WARN_UNINITIALIZED_AUTOS = YES_AGGRESSIVE;
				GCC_WARN_UNUSED_FUNCTION = YES;
				GCC_WARN_UNUSED_VARIABLE = YES;
				IPHONEOS_DEPLOYMENT_TARGET = 8.4;
				MTL_ENABLE_DEBUG_INFO = NO;
				SDKROOT = iphoneos;
				VALIDATE_PRODUCT = YES;
			};
			name = Release;
		};
		048048E11B81796600A83964 /* Debug */ = {
			isa = XCBuildConfiguration;
			buildSettings = {
				ASSETCATALOG_COMPILER_APPICON_NAME = AppIcon;
				FRAMEWORK_SEARCH_PATHS = (
					"$(LOCAL_LIBRARY_DIR)/SDKs/ArcGIS/iOS",
					"$(USER_LIBRARY_DIR)/SDKs/ArcGIS/iOS",
				);
				GCC_INPUT_FILETYPE = automatic;
				INFOPLIST_FILE = SqliteEncryption/Info.plist;
				IPHONEOS_DEPLOYMENT_TARGET = 7.0;
				LD_RUNPATH_SEARCH_PATHS = "$(inherited) @executable_path/Frameworks";
				OTHER_CFLAGS = (
					"-DSQLITE_HAS_CODEC",
					"-DSQKUTE_THREADSAFE",
					"-DSQLCIPHER_CRYPTO_CC",
					"-DSQLITE_TEMP_STORE=2",
				);
				OTHER_LDFLAGS = "";
				PRODUCT_NAME = "$(TARGET_NAME)";
			};
			name = Debug;
		};
		048048E21B81796600A83964 /* Release */ = {
			isa = XCBuildConfiguration;
			buildSettings = {
				ASSETCATALOG_COMPILER_APPICON_NAME = AppIcon;
				FRAMEWORK_SEARCH_PATHS = (
					"$(LOCAL_LIBRARY_DIR)/SDKs/ArcGIS/iOS",
					"$(USER_LIBRARY_DIR)/SDKs/ArcGIS/iOS",
				);
				GCC_INPUT_FILETYPE = automatic;
				INFOPLIST_FILE = SqliteEncryption/Info.plist;
				IPHONEOS_DEPLOYMENT_TARGET = 7.0;
				LD_RUNPATH_SEARCH_PATHS = "$(inherited) @executable_path/Frameworks";
				OTHER_CFLAGS = (
					"-DSQLITE_HAS_CODEC",
					"-DSQKUTE_THREADSAFE",
					"-DSQLCIPHER_CRYPTO_CC",
					"-DSQLITE_TEMP_STORE=2",
				);
				OTHER_LDFLAGS = "";
				PRODUCT_NAME = "$(TARGET_NAME)";
			};
			name = Release;
		};
		048048E41B81796600A83964 /* Debug */ = {
			isa = XCBuildConfiguration;
			buildSettings = {
				BUNDLE_LOADER = "$(TEST_HOST)";
				FRAMEWORK_SEARCH_PATHS = (
					"$(SDKROOT)/Developer/Library/Frameworks",
					"$(inherited)",
				);
				GCC_PREPROCESSOR_DEFINITIONS = (
					"DEBUG=1",
					"$(inherited)",
				);
				INFOPLIST_FILE = SqliteEncryptionTests/Info.plist;
				LD_RUNPATH_SEARCH_PATHS = "$(inherited) @executable_path/Frameworks @loader_path/Frameworks";
				PRODUCT_NAME = "$(TARGET_NAME)";
				TEST_HOST = "$(BUILT_PRODUCTS_DIR)/SqliteEncryption.app/SqliteEncryption";
			};
			name = Debug;
		};
		048048E51B81796600A83964 /* Release */ = {
			isa = XCBuildConfiguration;
			buildSettings = {
				BUNDLE_LOADER = "$(TEST_HOST)";
				FRAMEWORK_SEARCH_PATHS = (
					"$(SDKROOT)/Developer/Library/Frameworks",
					"$(inherited)",
				);
				INFOPLIST_FILE = SqliteEncryptionTests/Info.plist;
				LD_RUNPATH_SEARCH_PATHS = "$(inherited) @executable_path/Frameworks @loader_path/Frameworks";
				PRODUCT_NAME = "$(TARGET_NAME)";
				TEST_HOST = "$(BUILT_PRODUCTS_DIR)/SqliteEncryption.app/SqliteEncryption";
			};
			name = Release;
		};
/* End XCBuildConfiguration section */

/* Begin XCConfigurationList section */
		048048B81B81796600A83964 /* Build configuration list for PBXProject "SqliteEncryption" */ = {
			isa = XCConfigurationList;
			buildConfigurations = (
				048048DE1B81796600A83964 /* Debug */,
				048048DF1B81796600A83964 /* Release */,
			);
			defaultConfigurationIsVisible = 0;
			defaultConfigurationName = Release;
		};
		048048E01B81796600A83964 /* Build configuration list for PBXNativeTarget "SqliteEncryption" */ = {
			isa = XCConfigurationList;
			buildConfigurations = (
				048048E11B81796600A83964 /* Debug */,
				048048E21B81796600A83964 /* Release */,
			);
			defaultConfigurationIsVisible = 0;
			defaultConfigurationName = Release;
		};
		048048E31B81796600A83964 /* Build configuration list for PBXNativeTarget "SqliteEncryptionTests" */ = {
			isa = XCConfigurationList;
			buildConfigurations = (
				048048E41B81796600A83964 /* Debug */,
				048048E51B81796600A83964 /* Release */,
			);
			defaultConfigurationIsVisible = 0;
			defaultConfigurationName = Release;
		};
/* End XCConfigurationList section */
	};
	rootObject = 048048B51B81796600A83964 /* Project object */;
}
